
Microsoft Visual Studio Solution File, Format Version 12.00
# Visual Studio Version 16
VisualStudioVersion = 16.0.32901.82
MinimumVisualStudioVersion = 10.0.40219.1
Project("{FAE04EC0-301F-11D3-BF4B-00C04F79EFBC}") = "RegisterForm", "RegisterForm\RegisterForm.csproj", "{323C29B0-DFA7-49A4-AE85-863284F7B6AD}"
EndProject
Global
	GlobalSection(SolutionConfigurationPlatforms) = preSolution
		Debug|Any CPU = Debug|Any CPU
		Release|Any CPU = Release|Any CPU
	EndGlobalSection
	GlobalSection(ProjectConfigurationPlatforms) = postSolution
		{323C29B0-DFA7-49A4-AE85-863284F7B6AD}.Debug|Any CPU.ActiveCfg = Debug|Any CPU
		{323C29B0-DFA7-49A4-AE85-863284F7B6AD}.Debug|Any CPU.Build.0 = Debug|Any CPU
		{323C29B0-DFA7-49A4-AE85-863284F7B6AD}.Release|Any CPU.ActiveCfg = Release|Any CPU
		{323C29B0-DFA7-49A4-AE85-863284F7B6AD}.Release|Any CPU.Build.0 = Release|Any CPU
	EndGlobalSection
	GlobalSection(SolutionProperties) = preSolution
		HideSolutionNode = FALSE
	EndGlobalSection
	GlobalSection(ExtensibilityGlobals) = postSolution
		SolutionGuid = {CD2BA26C-3CAD-437E-A6FD-D47FD9F315BC}
	EndGlobalSection
EndGlobal
